
Microsoft Visual Studio Solution File, Format Version 12.00
# Visual Studio Version 16
VisualStudioVersion = 25.0.1706.12
MinimumVisualStudioVersion = 10.0.40219.1
Project("{FAE04EC0-301F-11D3-BF4B-00C04F79EFBC}") = "BestBuyCRUDApp", "BestBuyCRUDApp\BestBuyCRUDApp.csproj", "{21AA5526-2411-4706-8688-F649CD877917}"
EndProject
Global
	GlobalSection(SolutionConfigurationPlatforms) = preSolution
		Debug|Any CPU = Debug|Any CPU
		Release|Any CPU = Release|Any CPU
	EndGlobalSection
	GlobalSection(ProjectConfigurationPlatforms) = postSolution
		{21AA5526-2411-4706-8688-F649CD877917}.Debug|Any CPU.ActiveCfg = Debug|Any CPU
		{21AA5526-2411-4706-8688-F649CD877917}.Debug|Any CPU.Build.0 = Debug|Any CPU
		{21AA5526-2411-4706-8688-F649CD877917}.Release|Any CPU.ActiveCfg = Release|Any CPU
		{21AA5526-2411-4706-8688-F649CD877917}.Release|Any CPU.Build.0 = Release|Any CPU
	EndGlobalSection
	GlobalSection(SolutionProperties) = preSolution
		HideSolutionNode = FALSE
	EndGlobalSection
	GlobalSection(ExtensibilityGlobals) = postSolution
		SolutionGuid = {766FD8C4-A7F0-41F4-8D69-B69D7C36CD85}
	EndGlobalSection
EndGlobal
